
Microsoft Visual Studio Solution File, Format Version 12.00
# Visual Studio 15
VisualStudioVersion = 15.0.28010.2041
MinimumVisualStudioVersion = 10.0.40219.1
Project("{9A19103F-16F7-4668-BE54-9A1E7A4F7556}") = "BirdHouse_Battle.Model", "BirdHouse_Battle.Model\BirdHouse_Battle.Model.csproj", "{964579B0-0063-442F-85BB-AB794C52ABBC}"
EndProject
Project("{9A19103F-16F7-4668-BE54-9A1E7A4F7556}") = "BirdHouse_Battle.UnitTests", "BirdHouse_Battle.UnitTests\BirdHouse_Battle.UnitTests.csproj", "{69DEB952-3E39-4F17-A56B-DD6AF2F66DE0}"
EndProject
Project("{FAE04EC0-301F-11D3-BF4B-00C04F79EFBC}") = "BirdHouse_Battle.UI", "BirdHouse_Battle.UI\BirdHouse_Battle.UI.csproj", "{630FDCC7-51A6-47B4-869A-8A2A9A519E49}"
EndProject
Project("{FAE04EC0-301F-11D3-BF4B-00C04F79EFBC}") = "BirdHouse_Battle.UI2", "BirdHouse_Battle.UI2\BirdHouse_Battle.UI2.csproj", "{CF757655-675B-4B21-A93E-CBBC2D2CCFE5}"
EndProject
Global
	GlobalSection(SolutionConfigurationPlatforms) = preSolution
		Debug|Any CPU = Debug|Any CPU
		Release|Any CPU = Release|Any CPU
	EndGlobalSection
	GlobalSection(ProjectConfigurationPlatforms) = postSolution
		{964579B0-0063-442F-85BB-AB794C52ABBC}.Debug|Any CPU.ActiveCfg = Debug|Any CPU
		{964579B0-0063-442F-85BB-AB794C52ABBC}.Debug|Any CPU.Build.0 = Debug|Any CPU
		{964579B0-0063-442F-85BB-AB794C52ABBC}.Release|Any CPU.ActiveCfg = Release|Any CPU
		{964579B0-0063-442F-85BB-AB794C52ABBC}.Release|Any CPU.Build.0 = Release|Any CPU
		{69DEB952-3E39-4F17-A56B-DD6AF2F66DE0}.Debug|Any CPU.ActiveCfg = Debug|Any CPU
		{69DEB952-3E39-4F17-A56B-DD6AF2F66DE0}.Debug|Any CPU.Build.0 = Debug|Any CPU
		{69DEB952-3E39-4F17-A56B-DD6AF2F66DE0}.Release|Any CPU.ActiveCfg = Release|Any CPU
		{69DEB952-3E39-4F17-A56B-DD6AF2F66DE0}.Release|Any CPU.Build.0 = Release|Any CPU
		{630FDCC7-51A6-47B4-869A-8A2A9A519E49}.Debug|Any CPU.ActiveCfg = Debug|Any CPU
		{630FDCC7-51A6-47B4-869A-8A2A9A519E49}.Debug|Any CPU.Build.0 = Debug|Any CPU
		{630FDCC7-51A6-47B4-869A-8A2A9A519E49}.Release|Any CPU.ActiveCfg = Release|Any CPU
		{630FDCC7-51A6-47B4-869A-8A2A9A519E49}.Release|Any CPU.Build.0 = Release|Any CPU
		{CF757655-675B-4B21-A93E-CBBC2D2CCFE5}.Debug|Any CPU.ActiveCfg = Debug|Any CPU
		{CF757655-675B-4B21-A93E-CBBC2D2CCFE5}.Debug|Any CPU.Build.0 = Debug|Any CPU
		{CF757655-675B-4B21-A93E-CBBC2D2CCFE5}.Release|Any CPU.ActiveCfg = Release|Any CPU
		{CF757655-675B-4B21-A93E-CBBC2D2CCFE5}.Release|Any CPU.Build.0 = Release|Any CPU
	EndGlobalSection
	GlobalSection(SolutionProperties) = preSolution
		HideSolutionNode = FALSE
	EndGlobalSection
	GlobalSection(ExtensibilityGlobals) = postSolution
		SolutionGuid = {972D31F8-3CA4-47E3-BFDC-50F22B66F7A6}
	EndGlobalSection
EndGlobal
