
Microsoft Visual Studio Solution File, Format Version 12.00
# Visual Studio 15
VisualStudioVersion = 15.0.28010.2041
MinimumVisualStudioVersion = 10.0.40219.1
Project("{FAE04EC0-301F-11D3-BF4B-00C04F79EFBC}") = "BirdHouse_Battle.Model", "BirdHouse_Battle.Model\BirdHouse_Battle.Model.csproj", "{964579B0-0063-442F-85BB-AB794C52ABBC}"
EndProject
Global
	GlobalSection(SolutionConfigurationPlatforms) = preSolution
		Debug|Any CPU = Debug|Any CPU
		Release|Any CPU = Release|Any CPU
	EndGlobalSection
	GlobalSection(ProjectConfigurationPlatforms) = postSolution
		{964579B0-0063-442F-85BB-AB794C52ABBC}.Debug|Any CPU.ActiveCfg = Debug|Any CPU
		{964579B0-0063-442F-85BB-AB794C52ABBC}.Debug|Any CPU.Build.0 = Debug|Any CPU
		{964579B0-0063-442F-85BB-AB794C52ABBC}.Release|Any CPU.ActiveCfg = Release|Any CPU
		{964579B0-0063-442F-85BB-AB794C52ABBC}.Release|Any CPU.Build.0 = Release|Any CPU
	EndGlobalSection
	GlobalSection(SolutionProperties) = preSolution
		HideSolutionNode = FALSE
	EndGlobalSection
	GlobalSection(ExtensibilityGlobals) = postSolution
		SolutionGuid = {972D31F8-3CA4-47E3-BFDC-50F22B66F7A6}
	EndGlobalSection
EndGlobal
